
Microsoft Visual Studio Solution File, Format Version 12.00
# Visual Studio 2013
VisualStudioVersion = 12.0.40629.0
MinimumVisualStudioVersion = 10.0.40219.1
Project("{2150E333-8FDC-42A3-9474-1A3956D46DE8}") = ".nuget", ".nuget", "{0F6DBC6D-E878-46C8-928E-D0BC543D01CF}"
	ProjectSection(SolutionItems) = preProject
		.nuget\packages.config = .nuget\packages.config
	EndProjectSection
EndProject
Project("{2150E333-8FDC-42A3-9474-1A3956D46DE8}") = "NUnitSamples", "NUnitSamples", "{7EA04EC3-EC9E-44B0-859D-877CBAADF515}"
EndProject
Project("{FAE04EC0-301F-11D3-BF4B-00C04F79EFBC}") = "NUnit_v2_samples", "NUnit_v2_samples\NUnit_v2_samples.csproj", "{7EF7F4BE-4D5C-4539-9D94-B744A25E037E}"
EndProject
Project("{FAE04EC0-301F-11D3-BF4B-00C04F79EFBC}") = "NUnit_v3_samples", "NUnit_v3_samples\NUnit_v3_samples.csproj", "{367AD7D1-9BF1-486D-8BB5-4E04471D38D1}"
EndProject
Project("{2150E333-8FDC-42A3-9474-1A3956D46DE8}") = "TestProjects", "TestProjects", "{AAAF22EF-CC3D-41BC-87C8-875B52B86DA9}"
EndProject
Project("{FAE04EC0-301F-11D3-BF4B-00C04F79EFBC}") = "ReSharperPluginTests", "ReSharperPluginTests\ReSharperPluginTests.csproj", "{3487B4B7-F6F0-406E-AD82-5197AF223765}"
EndProject
Project("{FAE04EC0-301F-11D3-BF4B-00C04F79EFBC}") = "NUnit.That.Resharper_v9.Plugin", "NUnit.That.Resharper_v9.Plugin\NUnit.That.Resharper_v9.Plugin.csproj", "{BB114BF8-FC0A-4729-AD68-04BE2F0C639A}"
EndProject
Global
	GlobalSection(SolutionConfigurationPlatforms) = preSolution
		Debug|Any CPU = Debug|Any CPU
		Release|Any CPU = Release|Any CPU
	EndGlobalSection
	GlobalSection(ProjectConfigurationPlatforms) = postSolution
		{7EF7F4BE-4D5C-4539-9D94-B744A25E037E}.Debug|Any CPU.ActiveCfg = Debug|Any CPU
		{7EF7F4BE-4D5C-4539-9D94-B744A25E037E}.Debug|Any CPU.Build.0 = Debug|Any CPU
		{7EF7F4BE-4D5C-4539-9D94-B744A25E037E}.Release|Any CPU.ActiveCfg = Release|Any CPU
		{7EF7F4BE-4D5C-4539-9D94-B744A25E037E}.Release|Any CPU.Build.0 = Release|Any CPU
		{367AD7D1-9BF1-486D-8BB5-4E04471D38D1}.Debug|Any CPU.ActiveCfg = Debug|Any CPU
		{367AD7D1-9BF1-486D-8BB5-4E04471D38D1}.Debug|Any CPU.Build.0 = Debug|Any CPU
		{367AD7D1-9BF1-486D-8BB5-4E04471D38D1}.Release|Any CPU.ActiveCfg = Release|Any CPU
		{367AD7D1-9BF1-486D-8BB5-4E04471D38D1}.Release|Any CPU.Build.0 = Release|Any CPU
		{3487B4B7-F6F0-406E-AD82-5197AF223765}.Debug|Any CPU.ActiveCfg = Debug|Any CPU
		{3487B4B7-F6F0-406E-AD82-5197AF223765}.Debug|Any CPU.Build.0 = Debug|Any CPU
		{3487B4B7-F6F0-406E-AD82-5197AF223765}.Release|Any CPU.ActiveCfg = Release|Any CPU
		{3487B4B7-F6F0-406E-AD82-5197AF223765}.Release|Any CPU.Build.0 = Release|Any CPU
		{BB114BF8-FC0A-4729-AD68-04BE2F0C639A}.Debug|Any CPU.ActiveCfg = Debug|Any CPU
		{BB114BF8-FC0A-4729-AD68-04BE2F0C639A}.Debug|Any CPU.Build.0 = Debug|Any CPU
		{BB114BF8-FC0A-4729-AD68-04BE2F0C639A}.Release|Any CPU.ActiveCfg = Release|Any CPU
		{BB114BF8-FC0A-4729-AD68-04BE2F0C639A}.Release|Any CPU.Build.0 = Release|Any CPU
	EndGlobalSection
	GlobalSection(SolutionProperties) = preSolution
		HideSolutionNode = FALSE
	EndGlobalSection
	GlobalSection(NestedProjects) = preSolution
		{7EF7F4BE-4D5C-4539-9D94-B744A25E037E} = {7EA04EC3-EC9E-44B0-859D-877CBAADF515}
		{367AD7D1-9BF1-486D-8BB5-4E04471D38D1} = {7EA04EC3-EC9E-44B0-859D-877CBAADF515}
		{3487B4B7-F6F0-406E-AD82-5197AF223765} = {AAAF22EF-CC3D-41BC-87C8-875B52B86DA9}
	EndGlobalSection
EndGlobal
